
Microsoft Visual Studio Solution File, Format Version 12.00
# Visual Studio 15
VisualStudioVersion = 15.0.26730.8
MinimumVisualStudioVersion = 10.0.40219.1
Project("{FAE04EC0-301F-11D3-BF4B-00C04F79EFBC}") = "DesktopSearch.Core", "DesktopSearch.Core\DesktopSearch.Core.csproj", "{35A50B24-BCD2-48CB-8472-F27EBA1073C3}"
EndProject
Project("{FAE04EC0-301F-11D3-BF4B-00C04F79EFBC}") = "DesktopSearch.Core.Tests", "Test\DesktopSearch.Core.Tests\DesktopSearch.Core.Tests.csproj", "{96754954-4A78-47A7-BE8A-7F68C49CD784}"
EndProject
Project("{2150E333-8FDC-42A3-9474-1A3956D46DE8}") = "Documents", "Documents", "{E7ADD651-7D8B-4661-9767-9E37AA8AB610}"
	ProjectSection(SolutionItems) = preProject
		.gitignore = .gitignore
		Documents\AddImage.ps1 = Documents\AddImage.ps1
		Documents\docker-compose.yml = Documents\docker-compose.yml
		Documents\Drawings.vsdx = Documents\Drawings.vsdx
		Documents\Extractors.dgml = Documents\Extractors.dgml
		Documents\Operations.md = Documents\Operations.md
		readme.md = readme.md
		Documents\References.md = Documents\References.md
		Documents\RequirementsSpec.md = Documents\RequirementsSpec.md
		Documents\StartServices.ps1 = Documents\StartServices.ps1
	EndProjectSection
EndProject
Project("{2150E333-8FDC-42A3-9474-1A3956D46DE8}") = "Images", "Images", "{B71F3397-F878-456D-876F-B5EF4119E3BF}"
	ProjectSection(SolutionItems) = preProject
		Documents\Images\Assemblies.png = Documents\Images\Assemblies.png
		Documents\Images\DataModel.png = Documents\Images\DataModel.png
		Documents\Images\DocType.png = Documents\Images\DocType.png
		Documents\Images\Flow_of_operations.png = Documents\Images\Flow_of_operations.png
		Documents\Images\SearchServiceStatic.png = Documents\Images\SearchServiceStatic.png
	EndProjectSection
EndProject
Project("{FAE04EC0-301F-11D3-BF4B-00C04F79EFBC}") = "DesktopSearch.PS", "DesktopSearch.PS\DesktopSearch.PS.csproj", "{17E0AF0F-EA0F-459C-8F91-A50622EC380A}"
EndProject
Project("{FAE04EC0-301F-11D3-BF4B-00C04F79EFBC}") = "DesktopSearch.PS.Tests", "Test\DesktopSearch.PS.Tests\DesktopSearch.PS.Tests.csproj", "{01C76CE1-EAE2-4F96-A985-EB8CDE989E4E}"
EndProject
Project("{FAE04EC0-301F-11D3-BF4B-00C04F79EFBC}") = "ServiceFabric", "ServiceFabric\ServiceFabric.csproj", "{3C322863-943D-4CD6-A8C4-FF7DE627F85F}"
EndProject
Project("{2150E333-8FDC-42A3-9474-1A3956D46DE8}") = "Tooling", "Tooling", "{B5C0538B-8FFA-48A5-A13F-0E8FB5A3F1D0}"
EndProject
Project("{FAE04EC0-301F-11D3-BF4B-00C04F79EFBC}") = "RegisterPerformanceCounters", "RegisterPerformanceCounters\RegisterPerformanceCounters.csproj", "{96F1C808-1098-4E1F-B9C8-AF928A0366D7}"
EndProject
Project("{2150E333-8FDC-42A3-9474-1A3956D46DE8}") = "Docker", "Docker", "{2CEA2B63-4E8C-4BB3-832B-456556449B0A}"
EndProject
Project("{2150E333-8FDC-42A3-9474-1A3956D46DE8}") = "TikaServer", "TikaServer", "{ECF42BC5-957E-4937-B132-61E4D01B2654}"
	ProjectSection(SolutionItems) = preProject
		Docker\TikaServer\dockerfile = Docker\TikaServer\dockerfile
	EndProjectSection
EndProject
Project("{2150E333-8FDC-42A3-9474-1A3956D46DE8}") = "Test", "Test", "{2182CE52-D293-4A9B-8803-92460617BD7C}"
EndProject
Project("{FAE04EC0-301F-11D3-BF4B-00C04F79EFBC}") = "PerformanceTests", "Test\PerformanceTests\PerformanceTests.csproj", "{0BAAE237-78AF-4753-8408-DAC904A1C6AE}"
EndProject
Global
	GlobalSection(SolutionConfigurationPlatforms) = preSolution
		Debug|Any CPU = Debug|Any CPU
		Debug|x86 = Debug|x86
		Release|Any CPU = Release|Any CPU
		Release|x86 = Release|x86
	EndGlobalSection
	GlobalSection(ProjectConfigurationPlatforms) = postSolution
		{35A50B24-BCD2-48CB-8472-F27EBA1073C3}.Debug|Any CPU.ActiveCfg = Debug|Any CPU
		{35A50B24-BCD2-48CB-8472-F27EBA1073C3}.Debug|Any CPU.Build.0 = Debug|Any CPU
		{35A50B24-BCD2-48CB-8472-F27EBA1073C3}.Debug|x86.ActiveCfg = Debug|x86
		{35A50B24-BCD2-48CB-8472-F27EBA1073C3}.Debug|x86.Build.0 = Debug|x86
		{35A50B24-BCD2-48CB-8472-F27EBA1073C3}.Release|Any CPU.ActiveCfg = Release|Any CPU
		{35A50B24-BCD2-48CB-8472-F27EBA1073C3}.Release|Any CPU.Build.0 = Release|Any CPU
		{35A50B24-BCD2-48CB-8472-F27EBA1073C3}.Release|x86.ActiveCfg = Release|x86
		{35A50B24-BCD2-48CB-8472-F27EBA1073C3}.Release|x86.Build.0 = Release|x86
		{96754954-4A78-47A7-BE8A-7F68C49CD784}.Debug|Any CPU.ActiveCfg = Debug|Any CPU
		{96754954-4A78-47A7-BE8A-7F68C49CD784}.Debug|Any CPU.Build.0 = Debug|Any CPU
		{96754954-4A78-47A7-BE8A-7F68C49CD784}.Debug|x86.ActiveCfg = Debug|x86
		{96754954-4A78-47A7-BE8A-7F68C49CD784}.Debug|x86.Build.0 = Debug|x86
		{96754954-4A78-47A7-BE8A-7F68C49CD784}.Release|Any CPU.ActiveCfg = Release|Any CPU
		{96754954-4A78-47A7-BE8A-7F68C49CD784}.Release|Any CPU.Build.0 = Release|Any CPU
		{96754954-4A78-47A7-BE8A-7F68C49CD784}.Release|x86.ActiveCfg = Release|x86
		{96754954-4A78-47A7-BE8A-7F68C49CD784}.Release|x86.Build.0 = Release|x86
		{17E0AF0F-EA0F-459C-8F91-A50622EC380A}.Debug|Any CPU.ActiveCfg = Debug|Any CPU
		{17E0AF0F-EA0F-459C-8F91-A50622EC380A}.Debug|Any CPU.Build.0 = Debug|Any CPU
		{17E0AF0F-EA0F-459C-8F91-A50622EC380A}.Debug|x86.ActiveCfg = Debug|x86
		{17E0AF0F-EA0F-459C-8F91-A50622EC380A}.Debug|x86.Build.0 = Debug|x86
		{17E0AF0F-EA0F-459C-8F91-A50622EC380A}.Release|Any CPU.ActiveCfg = Release|Any CPU
		{17E0AF0F-EA0F-459C-8F91-A50622EC380A}.Release|Any CPU.Build.0 = Release|Any CPU
		{17E0AF0F-EA0F-459C-8F91-A50622EC380A}.Release|x86.ActiveCfg = Release|x86
		{17E0AF0F-EA0F-459C-8F91-A50622EC380A}.Release|x86.Build.0 = Release|x86
		{01C76CE1-EAE2-4F96-A985-EB8CDE989E4E}.Debug|Any CPU.ActiveCfg = Debug|Any CPU
		{01C76CE1-EAE2-4F96-A985-EB8CDE989E4E}.Debug|Any CPU.Build.0 = Debug|Any CPU
		{01C76CE1-EAE2-4F96-A985-EB8CDE989E4E}.Debug|x86.ActiveCfg = Debug|x86
		{01C76CE1-EAE2-4F96-A985-EB8CDE989E4E}.Debug|x86.Build.0 = Debug|x86
		{01C76CE1-EAE2-4F96-A985-EB8CDE989E4E}.Release|Any CPU.ActiveCfg = Release|Any CPU
		{01C76CE1-EAE2-4F96-A985-EB8CDE989E4E}.Release|Any CPU.Build.0 = Release|Any CPU
		{01C76CE1-EAE2-4F96-A985-EB8CDE989E4E}.Release|x86.ActiveCfg = Release|x86
		{01C76CE1-EAE2-4F96-A985-EB8CDE989E4E}.Release|x86.Build.0 = Release|x86
		{3C322863-943D-4CD6-A8C4-FF7DE627F85F}.Debug|Any CPU.ActiveCfg = Debug|Any CPU
		{3C322863-943D-4CD6-A8C4-FF7DE627F85F}.Debug|Any CPU.Build.0 = Debug|Any CPU
		{3C322863-943D-4CD6-A8C4-FF7DE627F85F}.Debug|x86.ActiveCfg = Debug|x86
		{3C322863-943D-4CD6-A8C4-FF7DE627F85F}.Debug|x86.Build.0 = Debug|x86
		{3C322863-943D-4CD6-A8C4-FF7DE627F85F}.Release|Any CPU.ActiveCfg = Release|Any CPU
		{3C322863-943D-4CD6-A8C4-FF7DE627F85F}.Release|Any CPU.Build.0 = Release|Any CPU
		{3C322863-943D-4CD6-A8C4-FF7DE627F85F}.Release|x86.ActiveCfg = Release|x86
		{3C322863-943D-4CD6-A8C4-FF7DE627F85F}.Release|x86.Build.0 = Release|x86
		{96F1C808-1098-4E1F-B9C8-AF928A0366D7}.Debug|Any CPU.ActiveCfg = Debug|Any CPU
		{96F1C808-1098-4E1F-B9C8-AF928A0366D7}.Debug|Any CPU.Build.0 = Debug|Any CPU
		{96F1C808-1098-4E1F-B9C8-AF928A0366D7}.Debug|x86.ActiveCfg = Debug|x86
		{96F1C808-1098-4E1F-B9C8-AF928A0366D7}.Debug|x86.Build.0 = Debug|x86
		{96F1C808-1098-4E1F-B9C8-AF928A0366D7}.Release|Any CPU.ActiveCfg = Release|Any CPU
		{96F1C808-1098-4E1F-B9C8-AF928A0366D7}.Release|Any CPU.Build.0 = Release|Any CPU
		{96F1C808-1098-4E1F-B9C8-AF928A0366D7}.Release|x86.ActiveCfg = Release|x86
		{96F1C808-1098-4E1F-B9C8-AF928A0366D7}.Release|x86.Build.0 = Release|x86
		{0BAAE237-78AF-4753-8408-DAC904A1C6AE}.Debug|Any CPU.ActiveCfg = Debug|Any CPU
		{0BAAE237-78AF-4753-8408-DAC904A1C6AE}.Debug|Any CPU.Build.0 = Debug|Any CPU
		{0BAAE237-78AF-4753-8408-DAC904A1C6AE}.Debug|x86.ActiveCfg = Debug|x86
		{0BAAE237-78AF-4753-8408-DAC904A1C6AE}.Debug|x86.Build.0 = Debug|x86
		{0BAAE237-78AF-4753-8408-DAC904A1C6AE}.Release|Any CPU.ActiveCfg = Release|Any CPU
		{0BAAE237-78AF-4753-8408-DAC904A1C6AE}.Release|Any CPU.Build.0 = Release|Any CPU
		{0BAAE237-78AF-4753-8408-DAC904A1C6AE}.Release|x86.ActiveCfg = Release|Any CPU
		{0BAAE237-78AF-4753-8408-DAC904A1C6AE}.Release|x86.Build.0 = Release|Any CPU
	EndGlobalSection
	GlobalSection(SolutionProperties) = preSolution
		HideSolutionNode = FALSE
	EndGlobalSection
	GlobalSection(NestedProjects) = preSolution
		{B71F3397-F878-456D-876F-B5EF4119E3BF} = {E7ADD651-7D8B-4661-9767-9E37AA8AB610}
		{3C322863-943D-4CD6-A8C4-FF7DE627F85F} = {B5C0538B-8FFA-48A5-A13F-0E8FB5A3F1D0}
		{96F1C808-1098-4E1F-B9C8-AF928A0366D7} = {B5C0538B-8FFA-48A5-A13F-0E8FB5A3F1D0}
		{ECF42BC5-957E-4937-B132-61E4D01B2654} = {2CEA2B63-4E8C-4BB3-832B-456556449B0A}
		{0BAAE237-78AF-4753-8408-DAC904A1C6AE} = {2182CE52-D293-4A9B-8803-92460617BD7C}
	EndGlobalSection
	GlobalSection(ExtensibilityGlobals) = postSolution
		SolutionGuid = {FD0FBB83-DC71-4BE1-9ADC-9411F5E7A6D4}
	EndGlobalSection
	GlobalSection(Performance) = preSolution
		HasPerformanceSessions = true
	EndGlobalSection
EndGlobal
